
Microsoft Visual Studio Solution File, Format Version 12.00
# Visual Studio Version 17
VisualStudioVersion = 17.9.34622.214
MinimumVisualStudioVersion = 10.0.40219.1
Project("{9A19103F-16F7-4668-BE54-9A1E7A4F7556}") = "Peixe.Domain", "Peixe.Domain\Peixe.Domain.csproj", "{4E28D34D-7D97-4A3B-A35E-538BCA09FD85}"
EndProject
Project("{9A19103F-16F7-4668-BE54-9A1E7A4F7556}") = "Peixe.DICE.Worker", "Peixe.DICE.Worker\Peixe.DICE.Worker.csproj", "{37B3D225-4504-4B15-BC7D-5E69C86130C8}"
EndProject
Project("{9A19103F-16F7-4668-BE54-9A1E7A4F7556}") = "Peixe.Database", "Peixe.Database\Peixe.Database.csproj", "{25FCD7BC-A94D-443F-BCAA-12FE1BC343D7}"
EndProject
Project("{2150E333-8FDC-42A3-9474-1A3956D46DE8}") = "SMQ", "SMQ", "{7E8143FC-DF96-4FFB-B9A8-2DB819A5B504}"
EndProject
Project("{2150E333-8FDC-42A3-9474-1A3956D46DE8}") = "DICE", "DICE", "{7B96AD5F-0D97-43DC-967D-46836C105ABF}"
EndProject
Project("{9A19103F-16F7-4668-BE54-9A1E7A4F7556}") = "Peixe.SMQ.Worker", "Peixe.SMQ.Worker\Peixe.SMQ.Worker.csproj", "{5F093CD2-C89A-4DD9-AFE6-A5C32FF2219D}"
EndProject
Project("{2150E333-8FDC-42A3-9474-1A3956D46DE8}") = "SOF", "SOF", "{09B58AAC-78DA-4FF1-812B-5807A502C8EC}"
EndProject
Project("{9A19103F-16F7-4668-BE54-9A1E7A4F7556}") = "Peixe.SOF.Worker", "Peixe.SOF.Worker\Peixe.SOF.Worker.csproj", "{9A472F22-F47E-4233-9AD1-62AE33077CBD}"
EndProject
Project("{2150E333-8FDC-42A3-9474-1A3956D46DE8}") = "SMPD", "SMPD", "{B6FF8962-7486-4101-8870-8884C976CAD1}"
EndProject
Project("{9A19103F-16F7-4668-BE54-9A1E7A4F7556}") = "Peixe.SMDP.Worker", "Peixe.SMDP.Worker\Peixe.SMDP.Worker.csproj", "{68178980-433A-41A4-8B72-39842843FEAA}"
EndProject
Project("{FAE04EC0-301F-11D3-BF4B-00C04F79EFBC}") = "Peixe.UnitTest", "Peixe.UnitTest\Peixe.UnitTest.csproj", "{9D3023DA-B8AB-4700-825E-61E7EB4FE889}"
EndProject
Global
	GlobalSection(SolutionConfigurationPlatforms) = preSolution
		Debug|Any CPU = Debug|Any CPU
		Release|Any CPU = Release|Any CPU
	EndGlobalSection
	GlobalSection(ProjectConfigurationPlatforms) = postSolution
		{4E28D34D-7D97-4A3B-A35E-538BCA09FD85}.Debug|Any CPU.ActiveCfg = Debug|Any CPU
		{4E28D34D-7D97-4A3B-A35E-538BCA09FD85}.Debug|Any CPU.Build.0 = Debug|Any CPU
		{4E28D34D-7D97-4A3B-A35E-538BCA09FD85}.Release|Any CPU.ActiveCfg = Release|Any CPU
		{4E28D34D-7D97-4A3B-A35E-538BCA09FD85}.Release|Any CPU.Build.0 = Release|Any CPU
		{37B3D225-4504-4B15-BC7D-5E69C86130C8}.Debug|Any CPU.ActiveCfg = Debug|Any CPU
		{37B3D225-4504-4B15-BC7D-5E69C86130C8}.Debug|Any CPU.Build.0 = Debug|Any CPU
		{37B3D225-4504-4B15-BC7D-5E69C86130C8}.Release|Any CPU.ActiveCfg = Release|Any CPU
		{37B3D225-4504-4B15-BC7D-5E69C86130C8}.Release|Any CPU.Build.0 = Release|Any CPU
		{25FCD7BC-A94D-443F-BCAA-12FE1BC343D7}.Debug|Any CPU.ActiveCfg = Debug|Any CPU
		{25FCD7BC-A94D-443F-BCAA-12FE1BC343D7}.Debug|Any CPU.Build.0 = Debug|Any CPU
		{25FCD7BC-A94D-443F-BCAA-12FE1BC343D7}.Release|Any CPU.ActiveCfg = Release|Any CPU
		{25FCD7BC-A94D-443F-BCAA-12FE1BC343D7}.Release|Any CPU.Build.0 = Release|Any CPU
		{5F093CD2-C89A-4DD9-AFE6-A5C32FF2219D}.Debug|Any CPU.ActiveCfg = Debug|Any CPU
		{5F093CD2-C89A-4DD9-AFE6-A5C32FF2219D}.Debug|Any CPU.Build.0 = Debug|Any CPU
		{5F093CD2-C89A-4DD9-AFE6-A5C32FF2219D}.Release|Any CPU.ActiveCfg = Release|Any CPU
		{5F093CD2-C89A-4DD9-AFE6-A5C32FF2219D}.Release|Any CPU.Build.0 = Release|Any CPU
		{9A472F22-F47E-4233-9AD1-62AE33077CBD}.Debug|Any CPU.ActiveCfg = Debug|Any CPU
		{9A472F22-F47E-4233-9AD1-62AE33077CBD}.Debug|Any CPU.Build.0 = Debug|Any CPU
		{9A472F22-F47E-4233-9AD1-62AE33077CBD}.Release|Any CPU.ActiveCfg = Release|Any CPU
		{9A472F22-F47E-4233-9AD1-62AE33077CBD}.Release|Any CPU.Build.0 = Release|Any CPU
		{68178980-433A-41A4-8B72-39842843FEAA}.Debug|Any CPU.ActiveCfg = Debug|Any CPU
		{68178980-433A-41A4-8B72-39842843FEAA}.Debug|Any CPU.Build.0 = Debug|Any CPU
		{68178980-433A-41A4-8B72-39842843FEAA}.Release|Any CPU.ActiveCfg = Release|Any CPU
		{68178980-433A-41A4-8B72-39842843FEAA}.Release|Any CPU.Build.0 = Release|Any CPU
		{9D3023DA-B8AB-4700-825E-61E7EB4FE889}.Debug|Any CPU.ActiveCfg = Debug|Any CPU
		{9D3023DA-B8AB-4700-825E-61E7EB4FE889}.Debug|Any CPU.Build.0 = Debug|Any CPU
		{9D3023DA-B8AB-4700-825E-61E7EB4FE889}.Release|Any CPU.ActiveCfg = Release|Any CPU
		{9D3023DA-B8AB-4700-825E-61E7EB4FE889}.Release|Any CPU.Build.0 = Release|Any CPU
	EndGlobalSection
	GlobalSection(SolutionProperties) = preSolution
		HideSolutionNode = FALSE
	EndGlobalSection
	GlobalSection(NestedProjects) = preSolution
		{37B3D225-4504-4B15-BC7D-5E69C86130C8} = {7B96AD5F-0D97-43DC-967D-46836C105ABF}
		{5F093CD2-C89A-4DD9-AFE6-A5C32FF2219D} = {7E8143FC-DF96-4FFB-B9A8-2DB819A5B504}
		{9A472F22-F47E-4233-9AD1-62AE33077CBD} = {09B58AAC-78DA-4FF1-812B-5807A502C8EC}
		{68178980-433A-41A4-8B72-39842843FEAA} = {B6FF8962-7486-4101-8870-8884C976CAD1}
	EndGlobalSection
	GlobalSection(ExtensibilityGlobals) = postSolution
		SolutionGuid = {9E00F556-F326-4EDF-A932-5D4DE3D226E0}
	EndGlobalSection
EndGlobal
